{
  "name": "paradox-client",
  "version": "1.0.0",
  "lockfileVersion": 1,
  "requires": true,
  "dependencies": {
    "@altv/types-client": {
      "version": "1.5.4",
      "resolved": "https://registry.npmjs.org/@altv/types-client/-/types-client-1.5.4.tgz",
      "integrity": "sha512-C02hZFzTOHGpjwSyFcFN2yjR3uANX66strFDkY/QG7z90DU1RoMuzHAmsALrJDAsGmbUtJAMez2/mXyjh6ZT+A=="
    },
    "@altv/types-natives": {
      "version": "1.2.2",
      "resolved": "https://registry.npmjs.org/@altv/types-natives/-/types-natives-1.2.2.tgz",
      "integrity": "sha512-9v2tahu6nt8F2k3/oeGfM2ez0mo2MPnCcl97KYgXTn38L92xIefXcxdaGTHL6hLYE3PcF21RqBoQy2vVRCBYEw=="
    },
    "@types/node": {
      "version": "14.14.41",
      "resolved": "https://registry.npmjs.org/@types/node/-/node-14.14.41.tgz",
      "integrity": "sha512-dueRKfaJL4RTtSa7bWeTK1M+VH+Gns73oCgzvYfHZywRCoPSd8EkXBL0mZ9unPTveBn+D9phZBaxuzpwjWkW0g==",
      "dev": true
    }
  }
}
